
Microsoft Visual Studio Solution File, Format Version 12.00
# Visual Studio Version 17
VisualStudioVersion = 17.2.32317.152
MinimumVisualStudioVersion = 10.0.40219.1
Project("{FAE04EC0-301F-11D3-BF4B-00C04F79EFBC}") = "barcodeGen", "barcodeGen\barcodeGen.csproj", "{2287996C-0A7D-48DD-AA2B-DB54A2D0DADA}"
EndProject
Global
	GlobalSection(SolutionConfigurationPlatforms) = preSolution
		Debug|Any CPU = Debug|Any CPU
		Release|Any CPU = Release|Any CPU
	EndGlobalSection
	GlobalSection(ProjectConfigurationPlatforms) = postSolution
		{2287996C-0A7D-48DD-AA2B-DB54A2D0DADA}.Debug|Any CPU.ActiveCfg = Debug|Any CPU
		{2287996C-0A7D-48DD-AA2B-DB54A2D0DADA}.Debug|Any CPU.Build.0 = Debug|Any CPU
		{2287996C-0A7D-48DD-AA2B-DB54A2D0DADA}.Release|Any CPU.ActiveCfg = Release|Any CPU
		{2287996C-0A7D-48DD-AA2B-DB54A2D0DADA}.Release|Any CPU.Build.0 = Release|Any CPU
	EndGlobalSection
	GlobalSection(SolutionProperties) = preSolution
		HideSolutionNode = FALSE
	EndGlobalSection
	GlobalSection(ExtensibilityGlobals) = postSolution
		SolutionGuid = {335D857A-4CF6-4F28-BED1-FA96A88C121A}
	EndGlobalSection
EndGlobal
